
Microsoft Visual Studio Solution File, Format Version 12.00
# Visual Studio 15
VisualStudioVersion = 15.0.28307.438
MinimumVisualStudioVersion = 10.0.40219.1
Project("{FAE04EC0-301F-11D3-BF4B-00C04F79EFBC}") = "Lecture53", "Lecture53\Lecture53.csproj", "{44E9DD8E-FCDC-453F-9044-D24B68D2B84D}"
EndProject
Global
	GlobalSection(SolutionConfigurationPlatforms) = preSolution
		Debug|Any CPU = Debug|Any CPU
		Release|Any CPU = Release|Any CPU
	EndGlobalSection
	GlobalSection(ProjectConfigurationPlatforms) = postSolution
		{44E9DD8E-FCDC-453F-9044-D24B68D2B84D}.Debug|Any CPU.ActiveCfg = Debug|Any CPU
		{44E9DD8E-FCDC-453F-9044-D24B68D2B84D}.Debug|Any CPU.Build.0 = Debug|Any CPU
		{44E9DD8E-FCDC-453F-9044-D24B68D2B84D}.Release|Any CPU.ActiveCfg = Release|Any CPU
		{44E9DD8E-FCDC-453F-9044-D24B68D2B84D}.Release|Any CPU.Build.0 = Release|Any CPU
	EndGlobalSection
	GlobalSection(SolutionProperties) = preSolution
		HideSolutionNode = FALSE
	EndGlobalSection
	GlobalSection(ExtensibilityGlobals) = postSolution
		SolutionGuid = {B32A2027-1E93-4B42-829A-328ADE86B7DD}
	EndGlobalSection
EndGlobal
