
Microsoft Visual Studio Solution File, Format Version 12.00
# Visual Studio 15
VisualStudioVersion = 15.0.28307.438
MinimumVisualStudioVersion = 10.0.40219.1
Project("{FAE04EC0-301F-11D3-BF4B-00C04F79EFBC}") = "Lecture36", "Lecture36\Lecture36.csproj", "{9FF4C1BA-A388-4294-9AF9-15BF0E878F9C}"
EndProject
Global
	GlobalSection(SolutionConfigurationPlatforms) = preSolution
		Debug|Any CPU = Debug|Any CPU
		Release|Any CPU = Release|Any CPU
	EndGlobalSection
	GlobalSection(ProjectConfigurationPlatforms) = postSolution
		{9FF4C1BA-A388-4294-9AF9-15BF0E878F9C}.Debug|Any CPU.ActiveCfg = Debug|Any CPU
		{9FF4C1BA-A388-4294-9AF9-15BF0E878F9C}.Debug|Any CPU.Build.0 = Debug|Any CPU
		{9FF4C1BA-A388-4294-9AF9-15BF0E878F9C}.Release|Any CPU.ActiveCfg = Release|Any CPU
		{9FF4C1BA-A388-4294-9AF9-15BF0E878F9C}.Release|Any CPU.Build.0 = Release|Any CPU
	EndGlobalSection
	GlobalSection(SolutionProperties) = preSolution
		HideSolutionNode = FALSE
	EndGlobalSection
	GlobalSection(ExtensibilityGlobals) = postSolution
		SolutionGuid = {44D9E3FC-0A1C-4376-849A-10D3A672D879}
	EndGlobalSection
EndGlobal
