
Microsoft Visual Studio Solution File, Format Version 12.00
# Visual Studio 15
VisualStudioVersion = 15.0.28307.438
MinimumVisualStudioVersion = 10.0.40219.1
Project("{FAE04EC0-301F-11D3-BF4B-00C04F79EFBC}") = "Lecture66", "Lecture66\Lecture66.csproj", "{C5B459C6-3BC7-4B54-B66A-0678F2A0D433}"
EndProject
Global
	GlobalSection(SolutionConfigurationPlatforms) = preSolution
		Debug|Any CPU = Debug|Any CPU
		Release|Any CPU = Release|Any CPU
	EndGlobalSection
	GlobalSection(ProjectConfigurationPlatforms) = postSolution
		{C5B459C6-3BC7-4B54-B66A-0678F2A0D433}.Debug|Any CPU.ActiveCfg = Debug|Any CPU
		{C5B459C6-3BC7-4B54-B66A-0678F2A0D433}.Debug|Any CPU.Build.0 = Debug|Any CPU
		{C5B459C6-3BC7-4B54-B66A-0678F2A0D433}.Release|Any CPU.ActiveCfg = Release|Any CPU
		{C5B459C6-3BC7-4B54-B66A-0678F2A0D433}.Release|Any CPU.Build.0 = Release|Any CPU
	EndGlobalSection
	GlobalSection(SolutionProperties) = preSolution
		HideSolutionNode = FALSE
	EndGlobalSection
	GlobalSection(ExtensibilityGlobals) = postSolution
		SolutionGuid = {28D18715-9987-47F9-8A10-71224512138D}
	EndGlobalSection
EndGlobal
