
Microsoft Visual Studio Solution File, Format Version 12.00
# Visual Studio 15
VisualStudioVersion = 15.0.28307.438
MinimumVisualStudioVersion = 10.0.40219.1
Project("{FAE04EC0-301F-11D3-BF4B-00C04F79EFBC}") = "Lecture32", "Lecture32\Lecture32.csproj", "{6893F889-2A19-435B-B00B-80BD4F36592E}"
EndProject
Global
	GlobalSection(SolutionConfigurationPlatforms) = preSolution
		Debug|Any CPU = Debug|Any CPU
		Release|Any CPU = Release|Any CPU
	EndGlobalSection
	GlobalSection(ProjectConfigurationPlatforms) = postSolution
		{6893F889-2A19-435B-B00B-80BD4F36592E}.Debug|Any CPU.ActiveCfg = Debug|Any CPU
		{6893F889-2A19-435B-B00B-80BD4F36592E}.Debug|Any CPU.Build.0 = Debug|Any CPU
		{6893F889-2A19-435B-B00B-80BD4F36592E}.Release|Any CPU.ActiveCfg = Release|Any CPU
		{6893F889-2A19-435B-B00B-80BD4F36592E}.Release|Any CPU.Build.0 = Release|Any CPU
	EndGlobalSection
	GlobalSection(SolutionProperties) = preSolution
		HideSolutionNode = FALSE
	EndGlobalSection
	GlobalSection(ExtensibilityGlobals) = postSolution
		SolutionGuid = {7F7AE77E-C3E0-4B32-8321-DBE0E4444E0F}
	EndGlobalSection
EndGlobal
